Microsoft Visual Studio Solution File, Format Version 11.00
# Visual Studio 2008

Project("{53867E40-6EB2-B222-E22F-C250088B1BCF}") = "Unity-3D-RTS-master", "Assembly-CSharp-firstpass.csproj", "{07BC7EDC-0C8D-82B1-57D5-894563F2A55C}"
EndProject
Project("{53867E40-6EB2-B222-E22F-C250088B1BCF}") = "Unity-3D-RTS-master", "Assembly-CSharp.csproj", "{8208DC9F-2918-12ED-F76A-6767C3F83635}"
EndProject
Project("{53867E40-6EB2-B222-E22F-C250088B1BCF}") = "Unity-3D-RTS-master", "Assembly-CSharp-Editor.csproj", "{1FD42E79-C58A-9451-2DF8-FD3A998B71A9}"
EndProject
Global
	GlobalSection(SolutionConfigurationPlatforms) = preSolution
		Debug|Any CPU = Debug|Any CPU
		Release|Any CPU = Release|Any CPU
	EndGlobalSection
	GlobalSection(ProjectConfigurationPlatforms) = postSolution
		{07BC7EDC-0C8D-82B1-57D5-894563F2A55C}.Debug|Any CPU.ActiveCfg = Debug|Any CPU
		{07BC7EDC-0C8D-82B1-57D5-894563F2A55C}.Debug|Any CPU.Build.0 = Debug|Any CPU
		{07BC7EDC-0C8D-82B1-57D5-894563F2A55C}.Release|Any CPU.ActiveCfg = Release|Any CPU
		{07BC7EDC-0C8D-82B1-57D5-894563F2A55C}.Release|Any CPU.Build.0 = Release|Any CPU
		{8208DC9F-2918-12ED-F76A-6767C3F83635}.Debug|Any CPU.ActiveCfg = Debug|Any CPU
		{8208DC9F-2918-12ED-F76A-6767C3F83635}.Debug|Any CPU.Build.0 = Debug|Any CPU
		{8208DC9F-2918-12ED-F76A-6767C3F83635}.Release|Any CPU.ActiveCfg = Release|Any CPU
		{8208DC9F-2918-12ED-F76A-6767C3F83635}.Release|Any CPU.Build.0 = Release|Any CPU
		{1FD42E79-C58A-9451-2DF8-FD3A998B71A9}.Debug|Any CPU.ActiveCfg = Debug|Any CPU
		{1FD42E79-C58A-9451-2DF8-FD3A998B71A9}.Debug|Any CPU.Build.0 = Debug|Any CPU
		{1FD42E79-C58A-9451-2DF8-FD3A998B71A9}.Release|Any CPU.ActiveCfg = Release|Any CPU
		{1FD42E79-C58A-9451-2DF8-FD3A998B71A9}.Release|Any CPU.Build.0 = Release|Any CPU
	EndGlobalSection
	GlobalSection(SolutionProperties) = preSolution
		HideSolutionNode = FALSE
	EndGlobalSection
	GlobalSection(MonoDevelopProperties) = preSolution
		StartupItem = Assembly-CSharp.csproj
	EndGlobalSection
EndGlobal
